{
    "_readme": [
        "This file locks the dependencies of your project to a known state",
        "Read more about it at https://getcomposer.org/doc/01-basic-usage.md#installing-dependencies",
        "This file is @generated automatically"
    ],
    "content-hash": "935683ebc4f71fc6a3991c4db45ecf41",
    "packages": [],
    "packages-dev": [
        {
            "name": "simple-solution/wp-interaction-framework",
            "version": "1.0.10",
            "source": {
                "type": "git",
                "url": "https://bitbucket.org/simple-solution/wp-interaction-framework.git",
                "reference": "9304e90eca11c8926f118ceb46ab6a85b46b9c62"
            },
            "dist": {
                "type": "zip",
                "url": "https://bitbucket.org/simple-solution/wp-interaction-framework/get/9304e90eca11c8926f118ceb46ab6a85b46b9c62.zip",
                "reference": "9304e90eca11c8926f118ceb46ab6a85b46b9c62",
                "shasum": ""
            },
            "suggest": {
                "composer/installers": "~1.0"
            },
            "type": "package",
            "autoload": {
                "psr-4": {
                    "SimpleSolution\\WpInteractionFramework\\": "src/"
                }
            },
            "license": [
                "proprietary"
            ],
            "description": "Framework for WP Boilerplate 2.0",
            "homepage": "https://bitbucket.org/simple-solution/wp-interaction-framework",
            "support": {
                "source": "https://bitbucket.org/simple-solution/wp-interaction-framework/src/9304e90eca11c8926f118ceb46ab6a85b46b9c62/?at=1.0.10"
            },
            "time": "2020-01-24T11:35:30+00:00"
        }
    ],
    "aliases": [],
    "minimum-stability": "stable",
    "stability-flags": [],
    "prefer-stable": false,
    "prefer-lowest": false,
    "platform": [],
    "platform-dev": []
}
